
Microsoft Visual Studio Solution File, Format Version 10.00
# Visual Studio 2008
Project("{2150E333-8FDC-42A3-9474-1A3956D46DE8}") = "_01_Creational", "_01_Creational", "{39019096-0187-4BC4-A9D6-FFA93217DC93}"
EndProject
Project("{FAE04EC0-301F-11D3-BF4B-00C04F79EFBC}") = "_01_Singletons", "_01_Singletons\_01_Singletons.csproj", "{ABDBA164-65FF-4D5F-8A59-E3C4E1671D71}"
EndProject
Project("{FAE04EC0-301F-11D3-BF4B-00C04F79EFBC}") = "_02_StaticFactoryMethod", "_02_StaticFactoryMethod\_02_StaticFactoryMethod.csproj", "{8FF3C672-5658-4ED6-B3F5-50A1F7A98490}"
EndProject
Project("{FAE04EC0-301F-11D3-BF4B-00C04F79EFBC}") = "_03_StaticFactoryClass", "_03_StaticFactoryClass\_03_StaticFactoryClass.csproj", "{8A91144F-8CD7-4B2A-90FE-3A0F1D5D2FAC}"
EndProject
Project("{FAE04EC0-301F-11D3-BF4B-00C04F79EFBC}") = "_04_AbstractFactory", "_04_AbstractFactory\_04_AbstractFactory.csproj", "{939C1E43-945E-4D7F-AFF8-1A5ECD55BBAF}"
EndProject
Project("{FAE04EC0-301F-11D3-BF4B-00C04F79EFBC}") = "_05_Prototype", "_05_Prototype\_05_Prototype.csproj", "{B0B3616D-EC87-492E-B3C3-8414D9F09D23}"
EndProject
Project("{2150E333-8FDC-42A3-9474-1A3956D46DE8}") = "_02_Structural", "_02_Structural", "{8CA878B5-1EFC-42BF-A044-7C01F988468D}"
EndProject
Project("{FAE04EC0-301F-11D3-BF4B-00C04F79EFBC}") = "_08_Adapter", "_08_Adapter\_08_Adapter.csproj", "{09DC2BC7-C652-4165-8FDE-0F54014D1CE1}"
EndProject
Project("{FAE04EC0-301F-11D3-BF4B-00C04F79EFBC}") = "_09_Proxy", "_09_Proxy\_09_Proxy.csproj", "{74571C31-D480-4F52-AB46-46909636FE26}"
EndProject
Global
	GlobalSection(SolutionConfigurationPlatforms) = preSolution
		Debug|Any CPU = Debug|Any CPU
		Release|Any CPU = Release|Any CPU
	EndGlobalSection
	GlobalSection(ProjectConfigurationPlatforms) = postSolution
		{ABDBA164-65FF-4D5F-8A59-E3C4E1671D71}.Debug|Any CPU.ActiveCfg = Debug|Any CPU
		{ABDBA164-65FF-4D5F-8A59-E3C4E1671D71}.Debug|Any CPU.Build.0 = Debug|Any CPU
		{ABDBA164-65FF-4D5F-8A59-E3C4E1671D71}.Release|Any CPU.ActiveCfg = Release|Any CPU
		{ABDBA164-65FF-4D5F-8A59-E3C4E1671D71}.Release|Any CPU.Build.0 = Release|Any CPU
		{8FF3C672-5658-4ED6-B3F5-50A1F7A98490}.Debug|Any CPU.ActiveCfg = Debug|Any CPU
		{8FF3C672-5658-4ED6-B3F5-50A1F7A98490}.Debug|Any CPU.Build.0 = Debug|Any CPU
		{8FF3C672-5658-4ED6-B3F5-50A1F7A98490}.Release|Any CPU.ActiveCfg = Release|Any CPU
		{8FF3C672-5658-4ED6-B3F5-50A1F7A98490}.Release|Any CPU.Build.0 = Release|Any CPU
		{8A91144F-8CD7-4B2A-90FE-3A0F1D5D2FAC}.Debug|Any CPU.ActiveCfg = Debug|Any CPU
		{8A91144F-8CD7-4B2A-90FE-3A0F1D5D2FAC}.Debug|Any CPU.Build.0 = Debug|Any CPU
		{8A91144F-8CD7-4B2A-90FE-3A0F1D5D2FAC}.Release|Any CPU.ActiveCfg = Release|Any CPU
		{8A91144F-8CD7-4B2A-90FE-3A0F1D5D2FAC}.Release|Any CPU.Build.0 = Release|Any CPU
		{939C1E43-945E-4D7F-AFF8-1A5ECD55BBAF}.Debug|Any CPU.ActiveCfg = Debug|Any CPU
		{939C1E43-945E-4D7F-AFF8-1A5ECD55BBAF}.Debug|Any CPU.Build.0 = Debug|Any CPU
		{939C1E43-945E-4D7F-AFF8-1A5ECD55BBAF}.Release|Any CPU.ActiveCfg = Release|Any CPU
		{939C1E43-945E-4D7F-AFF8-1A5ECD55BBAF}.Release|Any CPU.Build.0 = Release|Any CPU
		{B0B3616D-EC87-492E-B3C3-8414D9F09D23}.Debug|Any CPU.ActiveCfg = Debug|Any CPU
		{B0B3616D-EC87-492E-B3C3-8414D9F09D23}.Debug|Any CPU.Build.0 = Debug|Any CPU
		{B0B3616D-EC87-492E-B3C3-8414D9F09D23}.Release|Any CPU.ActiveCfg = Release|Any CPU
		{B0B3616D-EC87-492E-B3C3-8414D9F09D23}.Release|Any CPU.Build.0 = Release|Any CPU
		{09DC2BC7-C652-4165-8FDE-0F54014D1CE1}.Debug|Any CPU.ActiveCfg = Debug|Any CPU
		{09DC2BC7-C652-4165-8FDE-0F54014D1CE1}.Debug|Any CPU.Build.0 = Debug|Any CPU
		{09DC2BC7-C652-4165-8FDE-0F54014D1CE1}.Release|Any CPU.ActiveCfg = Release|Any CPU
		{09DC2BC7-C652-4165-8FDE-0F54014D1CE1}.Release|Any CPU.Build.0 = Release|Any CPU
		{74571C31-D480-4F52-AB46-46909636FE26}.Debug|Any CPU.ActiveCfg = Debug|Any CPU
		{74571C31-D480-4F52-AB46-46909636FE26}.Debug|Any CPU.Build.0 = Debug|Any CPU
		{74571C31-D480-4F52-AB46-46909636FE26}.Release|Any CPU.ActiveCfg = Release|Any CPU
		{74571C31-D480-4F52-AB46-46909636FE26}.Release|Any CPU.Build.0 = Release|Any CPU
		{D23BC96B-B7C1-49C1-8509-BED581AF6B41}.Debug|Any CPU.ActiveCfg = Debug|Any CPU
		{D23BC96B-B7C1-49C1-8509-BED581AF6B41}.Debug|Any CPU.Build.0 = Debug|Any CPU
		{D23BC96B-B7C1-49C1-8509-BED581AF6B41}.Release|Any CPU.ActiveCfg = Release|Any CPU
		{D23BC96B-B7C1-49C1-8509-BED581AF6B41}.Release|Any CPU.Build.0 = Release|Any CPU
		{7361B702-F8F4-4EF7-AB68-E392FC7D08DF}.Debug|Any CPU.ActiveCfg = Debug|Any CPU
		{7361B702-F8F4-4EF7-AB68-E392FC7D08DF}.Debug|Any CPU.Build.0 = Debug|Any CPU
		{7361B702-F8F4-4EF7-AB68-E392FC7D08DF}.Release|Any CPU.ActiveCfg = Release|Any CPU
		{7361B702-F8F4-4EF7-AB68-E392FC7D08DF}.Release|Any CPU.Build.0 = Release|Any CPU
	EndGlobalSection
	GlobalSection(SolutionProperties) = preSolution
		HideSolutionNode = FALSE
	EndGlobalSection
	GlobalSection(NestedProjects) = preSolution
		{ABDBA164-65FF-4D5F-8A59-E3C4E1671D71} = {39019096-0187-4BC4-A9D6-FFA93217DC93}
		{8FF3C672-5658-4ED6-B3F5-50A1F7A98490} = {39019096-0187-4BC4-A9D6-FFA93217DC93}
		{8A91144F-8CD7-4B2A-90FE-3A0F1D5D2FAC} = {39019096-0187-4BC4-A9D6-FFA93217DC93}
		{939C1E43-945E-4D7F-AFF8-1A5ECD55BBAF} = {39019096-0187-4BC4-A9D6-FFA93217DC93}
		{B0B3616D-EC87-492E-B3C3-8414D9F09D23} = {39019096-0187-4BC4-A9D6-FFA93217DC93}
		{09DC2BC7-C652-4165-8FDE-0F54014D1CE1} = {8CA878B5-1EFC-42BF-A044-7C01F988468D}
		{74571C31-D480-4F52-AB46-46909636FE26} = {8CA878B5-1EFC-42BF-A044-7C01F988468D}
		{D23BC96B-B7C1-49C1-8509-BED581AF6B41} = {8CA878B5-1EFC-42BF-A044-7C01F988468D}
		{7361B702-F8F4-4EF7-AB68-E392FC7D08DF} = {8CA878B5-1EFC-42BF-A044-7C01F988468D}
	EndGlobalSection
EndGlobal
