
Microsoft Visual Studio Solution File, Format Version 11.00
# Visual Studio 2010
Project("{2150E333-8FDC-42A3-9474-1A3956D46DE8}") = "_01_Creational", "_01_Creational", "{39019096-0187-4BC4-A9D6-FFA93217DC93}"
EndProject
Project("{2150E333-8FDC-42A3-9474-1A3956D46DE8}") = "_02_Structural", "_02_Structural", "{8CA878B5-1EFC-42BF-A044-7C01F988468D}"
EndProject
Project("{2150E333-8FDC-42A3-9474-1A3956D46DE8}") = "_03_Behavioral", "_03_Behavioral", "{9713DC73-2393-4CE7-88BF-183E70FD5A82}"
EndProject
Project("{FAE04EC0-301F-11D3-BF4B-00C04F79EFBC}") = "_11_Composite.2010", "_11_Composite\_11_Composite.2010.csproj", "{D23BC96B-B7C1-49C1-8509-BED581AF6B41}"
EndProject
Project("{FAE04EC0-301F-11D3-BF4B-00C04F79EFBC}") = "_12_Decorator.2010", "_12_Decorator\_12_Decorator.2010.csproj", "{7361B702-F8F4-4EF7-AB68-E392FC7D08DF}"
EndProject
Project("{FAE04EC0-301F-11D3-BF4B-00C04F79EFBC}") = "_13_Observer.2010", "_13_Observer\_13_Observer.2010.csproj", "{50FF9111-A471-40CB-9D7E-149D6F048A07}"
EndProject
Project("{FAE04EC0-301F-11D3-BF4B-00C04F79EFBC}") = "_14_TemplateMethod.2010", "_14_TemplateMethod\_14_TemplateMethod.2010.csproj", "{3233F749-A5C7-4AFE-BD67-CA2ED7AC3388}"
EndProject
Project("{FAE04EC0-301F-11D3-BF4B-00C04F79EFBC}") = "_15_Strategy.2010", "_15_Strategy\_15_Strategy.2010.csproj", "{605326D0-6344-4A53-9739-C42ED810A621}"
EndProject
Project("{FAE04EC0-301F-11D3-BF4B-00C04F79EFBC}") = "_16_Iterator.2010", "_16_Iterator\_16_Iterator.2010.csproj", "{71F6A2A1-2873-4AAF-9B67-25CCEB47403E}"
EndProject
Project("{FAE04EC0-301F-11D3-BF4B-00C04F79EFBC}") = "_17_Command.2010", "_17_Command\_17_Command.2010.csproj", "{2E8B0681-2763-415C-8431-B680BCB6D76C}"
EndProject
Project("{FAE04EC0-301F-11D3-BF4B-00C04F79EFBC}") = "_10_Bridge.2010", "_10_Bridge\_10_Bridge.2010.csproj", "{63B64F2A-9C10-47E3-A89C-D60741362C0E}"
EndProject
Global
	GlobalSection(SolutionConfigurationPlatforms) = preSolution
		Debug|Any CPU = Debug|Any CPU
		Release|Any CPU = Release|Any CPU
	EndGlobalSection
	GlobalSection(ProjectConfigurationPlatforms) = postSolution
		{D23BC96B-B7C1-49C1-8509-BED581AF6B41}.Debug|Any CPU.ActiveCfg = Debug|Any CPU
		{D23BC96B-B7C1-49C1-8509-BED581AF6B41}.Debug|Any CPU.Build.0 = Debug|Any CPU
		{D23BC96B-B7C1-49C1-8509-BED581AF6B41}.Release|Any CPU.ActiveCfg = Release|Any CPU
		{D23BC96B-B7C1-49C1-8509-BED581AF6B41}.Release|Any CPU.Build.0 = Release|Any CPU
		{7361B702-F8F4-4EF7-AB68-E392FC7D08DF}.Debug|Any CPU.ActiveCfg = Debug|Any CPU
		{7361B702-F8F4-4EF7-AB68-E392FC7D08DF}.Debug|Any CPU.Build.0 = Debug|Any CPU
		{7361B702-F8F4-4EF7-AB68-E392FC7D08DF}.Release|Any CPU.ActiveCfg = Release|Any CPU
		{7361B702-F8F4-4EF7-AB68-E392FC7D08DF}.Release|Any CPU.Build.0 = Release|Any CPU
		{50FF9111-A471-40CB-9D7E-149D6F048A07}.Debug|Any CPU.ActiveCfg = Debug|Any CPU
		{50FF9111-A471-40CB-9D7E-149D6F048A07}.Debug|Any CPU.Build.0 = Debug|Any CPU
		{50FF9111-A471-40CB-9D7E-149D6F048A07}.Release|Any CPU.ActiveCfg = Release|Any CPU
		{50FF9111-A471-40CB-9D7E-149D6F048A07}.Release|Any CPU.Build.0 = Release|Any CPU
		{3233F749-A5C7-4AFE-BD67-CA2ED7AC3388}.Debug|Any CPU.ActiveCfg = Debug|Any CPU
		{3233F749-A5C7-4AFE-BD67-CA2ED7AC3388}.Debug|Any CPU.Build.0 = Debug|Any CPU
		{3233F749-A5C7-4AFE-BD67-CA2ED7AC3388}.Release|Any CPU.ActiveCfg = Release|Any CPU
		{3233F749-A5C7-4AFE-BD67-CA2ED7AC3388}.Release|Any CPU.Build.0 = Release|Any CPU
		{605326D0-6344-4A53-9739-C42ED810A621}.Debug|Any CPU.ActiveCfg = Debug|Any CPU
		{605326D0-6344-4A53-9739-C42ED810A621}.Debug|Any CPU.Build.0 = Debug|Any CPU
		{605326D0-6344-4A53-9739-C42ED810A621}.Release|Any CPU.ActiveCfg = Release|Any CPU
		{605326D0-6344-4A53-9739-C42ED810A621}.Release|Any CPU.Build.0 = Release|Any CPU
		{71F6A2A1-2873-4AAF-9B67-25CCEB47403E}.Debug|Any CPU.ActiveCfg = Debug|Any CPU
		{71F6A2A1-2873-4AAF-9B67-25CCEB47403E}.Debug|Any CPU.Build.0 = Debug|Any CPU
		{71F6A2A1-2873-4AAF-9B67-25CCEB47403E}.Release|Any CPU.ActiveCfg = Release|Any CPU
		{71F6A2A1-2873-4AAF-9B67-25CCEB47403E}.Release|Any CPU.Build.0 = Release|Any CPU
		{2E8B0681-2763-415C-8431-B680BCB6D76C}.Debug|Any CPU.ActiveCfg = Debug|Any CPU
		{2E8B0681-2763-415C-8431-B680BCB6D76C}.Debug|Any CPU.Build.0 = Debug|Any CPU
		{2E8B0681-2763-415C-8431-B680BCB6D76C}.Release|Any CPU.ActiveCfg = Release|Any CPU
		{2E8B0681-2763-415C-8431-B680BCB6D76C}.Release|Any CPU.Build.0 = Release|Any CPU
		{63B64F2A-9C10-47E3-A89C-D60741362C0E}.Debug|Any CPU.ActiveCfg = Debug|Any CPU
		{63B64F2A-9C10-47E3-A89C-D60741362C0E}.Debug|Any CPU.Build.0 = Debug|Any CPU
		{63B64F2A-9C10-47E3-A89C-D60741362C0E}.Release|Any CPU.ActiveCfg = Release|Any CPU
		{63B64F2A-9C10-47E3-A89C-D60741362C0E}.Release|Any CPU.Build.0 = Release|Any CPU
	EndGlobalSection
	GlobalSection(SolutionProperties) = preSolution
		HideSolutionNode = FALSE
	EndGlobalSection
	GlobalSection(NestedProjects) = preSolution
		{D23BC96B-B7C1-49C1-8509-BED581AF6B41} = {8CA878B5-1EFC-42BF-A044-7C01F988468D}
		{7361B702-F8F4-4EF7-AB68-E392FC7D08DF} = {8CA878B5-1EFC-42BF-A044-7C01F988468D}
		{63B64F2A-9C10-47E3-A89C-D60741362C0E} = {8CA878B5-1EFC-42BF-A044-7C01F988468D}
		{50FF9111-A471-40CB-9D7E-149D6F048A07} = {9713DC73-2393-4CE7-88BF-183E70FD5A82}
		{3233F749-A5C7-4AFE-BD67-CA2ED7AC3388} = {9713DC73-2393-4CE7-88BF-183E70FD5A82}
		{605326D0-6344-4A53-9739-C42ED810A621} = {9713DC73-2393-4CE7-88BF-183E70FD5A82}
		{71F6A2A1-2873-4AAF-9B67-25CCEB47403E} = {9713DC73-2393-4CE7-88BF-183E70FD5A82}
		{2E8B0681-2763-415C-8431-B680BCB6D76C} = {9713DC73-2393-4CE7-88BF-183E70FD5A82}
	EndGlobalSection
EndGlobal
