
Microsoft Visual Studio Solution File, Format Version 11.00
# Visual Studio 2010
Project("{FAE04EC0-301F-11D3-BF4B-00C04F79EFBC}") = "C12Ex01Y314440009V319512893", "C12Ex01Y314440009V319512893\C12Ex01Y314440009V319512893.csproj", "{E747AE57-5D2F-4E05-8986-93880575C775}"
EndProject
Project("{2150E333-8FDC-42A3-9474-1A3956D46DE8}") = "Solution Items", "Solution Items", "{BEA6099E-2FAA-4CF9-9809-5A794D172CA9}"
	ProjectSection(SolutionItems) = preProject
		C12 Ex01 Yulia 314440009 Vladimir 319512893.docx = C12 Ex01 Yulia 314440009 Vladimir 319512893.docx
		SUBMIT DP HIT C12 Ex01 YuliaSinenko 314440009 VladimirKarpov 319512893.txt = SUBMIT DP HIT C12 Ex01 YuliaSinenko 314440009 VladimirKarpov 319512893.txt
	EndProjectSection
EndProject
Project("{FAE04EC0-301F-11D3-BF4B-00C04F79EFBC}") = "Infrastructure", "Infrastructure\Infrastructure.csproj", "{2831D0EA-BA2A-40B5-B164-88D554F3690A}"
EndProject
Global
	GlobalSection(SolutionConfigurationPlatforms) = preSolution
		Debug|Any CPU = Debug|Any CPU
		Debug|Mixed Platforms = Debug|Mixed Platforms
		Debug|x86 = Debug|x86
		Release|Any CPU = Release|Any CPU
		Release|Mixed Platforms = Release|Mixed Platforms
		Release|x86 = Release|x86
	EndGlobalSection
	GlobalSection(ProjectConfigurationPlatforms) = postSolution
		{E747AE57-5D2F-4E05-8986-93880575C775}.Debug|Any CPU.ActiveCfg = Debug|x86
		{E747AE57-5D2F-4E05-8986-93880575C775}.Debug|Mixed Platforms.ActiveCfg = Debug|x86
		{E747AE57-5D2F-4E05-8986-93880575C775}.Debug|Mixed Platforms.Build.0 = Debug|x86
		{E747AE57-5D2F-4E05-8986-93880575C775}.Debug|x86.ActiveCfg = Debug|x86
		{E747AE57-5D2F-4E05-8986-93880575C775}.Debug|x86.Build.0 = Debug|x86
		{E747AE57-5D2F-4E05-8986-93880575C775}.Release|Any CPU.ActiveCfg = Release|x86
		{E747AE57-5D2F-4E05-8986-93880575C775}.Release|Mixed Platforms.ActiveCfg = Release|x86
		{E747AE57-5D2F-4E05-8986-93880575C775}.Release|Mixed Platforms.Build.0 = Release|x86
		{E747AE57-5D2F-4E05-8986-93880575C775}.Release|x86.ActiveCfg = Release|x86
		{E747AE57-5D2F-4E05-8986-93880575C775}.Release|x86.Build.0 = Release|x86
		{2831D0EA-BA2A-40B5-B164-88D554F3690A}.Debug|Any CPU.ActiveCfg = Debug|Any CPU
		{2831D0EA-BA2A-40B5-B164-88D554F3690A}.Debug|Any CPU.Build.0 = Debug|Any CPU
		{2831D0EA-BA2A-40B5-B164-88D554F3690A}.Debug|Mixed Platforms.ActiveCfg = Debug|Any CPU
		{2831D0EA-BA2A-40B5-B164-88D554F3690A}.Debug|Mixed Platforms.Build.0 = Debug|Any CPU
		{2831D0EA-BA2A-40B5-B164-88D554F3690A}.Debug|x86.ActiveCfg = Debug|Any CPU
		{2831D0EA-BA2A-40B5-B164-88D554F3690A}.Release|Any CPU.ActiveCfg = Release|Any CPU
		{2831D0EA-BA2A-40B5-B164-88D554F3690A}.Release|Any CPU.Build.0 = Release|Any CPU
		{2831D0EA-BA2A-40B5-B164-88D554F3690A}.Release|Mixed Platforms.ActiveCfg = Release|Any CPU
		{2831D0EA-BA2A-40B5-B164-88D554F3690A}.Release|Mixed Platforms.Build.0 = Release|Any CPU
		{2831D0EA-BA2A-40B5-B164-88D554F3690A}.Release|x86.ActiveCfg = Release|Any CPU
	EndGlobalSection
	GlobalSection(SolutionProperties) = preSolution
		HideSolutionNode = FALSE
	EndGlobalSection
EndGlobal
